
Microsoft Visual Studio Solution File, Format Version 12.00
# Visual Studio Version 16
VisualStudioVersion = 16.0.29728.190
MinimumVisualStudioVersion = 10.0.40219.1
Project("{9A19103F-16F7-4668-BE54-9A1E7A4F7556}") = "CrowdFun.Core", "CrowdFun.Core.csproj", "{267F97BD-334C-44E0-84CF-4ACFA4F966BF}"
EndProject
Project("{9A19103F-16F7-4668-BE54-9A1E7A4F7556}") = "CrowdFundWeb", "CrowdFundWeb\CrowdFundWeb.csproj", "{8142A9F1-97D5-4A56-939C-E4D35713E6D9}"
EndProject
Global
	GlobalSection(SolutionConfigurationPlatforms) = preSolution
		Debug|Any CPU = Debug|Any CPU
		Release|Any CPU = Release|Any CPU
	EndGlobalSection
	GlobalSection(ProjectConfigurationPlatforms) = postSolution
		{267F97BD-334C-44E0-84CF-4ACFA4F966BF}.Debug|Any CPU.ActiveCfg = Debug|Any CPU
		{267F97BD-334C-44E0-84CF-4ACFA4F966BF}.Debug|Any CPU.Build.0 = Debug|Any CPU
		{267F97BD-334C-44E0-84CF-4ACFA4F966BF}.Release|Any CPU.ActiveCfg = Release|Any CPU
		{267F97BD-334C-44E0-84CF-4ACFA4F966BF}.Release|Any CPU.Build.0 = Release|Any CPU
		{8142A9F1-97D5-4A56-939C-E4D35713E6D9}.Debug|Any CPU.ActiveCfg = Debug|Any CPU
		{8142A9F1-97D5-4A56-939C-E4D35713E6D9}.Debug|Any CPU.Build.0 = Debug|Any CPU
		{8142A9F1-97D5-4A56-939C-E4D35713E6D9}.Release|Any CPU.ActiveCfg = Release|Any CPU
		{8142A9F1-97D5-4A56-939C-E4D35713E6D9}.Release|Any CPU.Build.0 = Release|Any CPU
	EndGlobalSection
	GlobalSection(SolutionProperties) = preSolution
		HideSolutionNode = FALSE
	EndGlobalSection
	GlobalSection(ExtensibilityGlobals) = postSolution
		SolutionGuid = {54FF30CD-4DE2-467E-911A-C961870EE57E}
	EndGlobalSection
EndGlobal
